
Microsoft Visual Studio Solution File, Format Version 12.00
# Visual Studio Version 17
VisualStudioVersion = 17.0.31903.59
MinimumVisualStudioVersion = 10.0.40219.1
Project("{FAE04EC0-301F-11D3-BF4B-00C04F79EFBC}") = "Generator", "Generator\Generator.csproj", "{F2E81224-8195-4537-BF14-62A02253BBD2}"
EndProject
Project("{FAE04EC0-301F-11D3-BF4B-00C04F79EFBC}") = "Sorter", "Sorter\Sorter.csproj", "{CA5FDC3F-B8B7-4AA0-B575-067D354E8673}"
EndProject
Project("{FAE04EC0-301F-11D3-BF4B-00C04F79EFBC}") = "Common", "Common\Common.csproj", "{309B7B91-0F33-4938-AECF-C3A43657E0E3}"
EndProject
Project("{2150E333-8FDC-42A3-9474-1A3956D46DE8}") = "Benchmarks", "Benchmarks", "{A1C5825C-2228-4DA6-BD4F-3C70C6E1BEC8}"
EndProject
Project("{FAE04EC0-301F-11D3-BF4B-00C04F79EFBC}") = "Benchmark", "Benchmark\Benchmark.csproj", "{AA76AFBF-2D7A-4880-B463-DF34C86702A8}"
EndProject
Global
	GlobalSection(SolutionConfigurationPlatforms) = preSolution
		Debug|Any CPU = Debug|Any CPU
		Release|Any CPU = Release|Any CPU
	EndGlobalSection
	GlobalSection(SolutionProperties) = preSolution
		HideSolutionNode = FALSE
	EndGlobalSection
	GlobalSection(ProjectConfigurationPlatforms) = postSolution
		{F2E81224-8195-4537-BF14-62A02253BBD2}.Debug|Any CPU.ActiveCfg = Debug|Any CPU
		{F2E81224-8195-4537-BF14-62A02253BBD2}.Debug|Any CPU.Build.0 = Debug|Any CPU
		{F2E81224-8195-4537-BF14-62A02253BBD2}.Release|Any CPU.ActiveCfg = Release|Any CPU
		{F2E81224-8195-4537-BF14-62A02253BBD2}.Release|Any CPU.Build.0 = Release|Any CPU
		{CA5FDC3F-B8B7-4AA0-B575-067D354E8673}.Debug|Any CPU.ActiveCfg = Debug|Any CPU
		{CA5FDC3F-B8B7-4AA0-B575-067D354E8673}.Debug|Any CPU.Build.0 = Debug|Any CPU
		{CA5FDC3F-B8B7-4AA0-B575-067D354E8673}.Release|Any CPU.ActiveCfg = Release|Any CPU
		{CA5FDC3F-B8B7-4AA0-B575-067D354E8673}.Release|Any CPU.Build.0 = Release|Any CPU
		{309B7B91-0F33-4938-AECF-C3A43657E0E3}.Debug|Any CPU.ActiveCfg = Debug|Any CPU
		{309B7B91-0F33-4938-AECF-C3A43657E0E3}.Debug|Any CPU.Build.0 = Debug|Any CPU
		{309B7B91-0F33-4938-AECF-C3A43657E0E3}.Release|Any CPU.ActiveCfg = Release|Any CPU
		{309B7B91-0F33-4938-AECF-C3A43657E0E3}.Release|Any CPU.Build.0 = Release|Any CPU
		{AA76AFBF-2D7A-4880-B463-DF34C86702A8}.Debug|Any CPU.ActiveCfg = Debug|Any CPU
		{AA76AFBF-2D7A-4880-B463-DF34C86702A8}.Debug|Any CPU.Build.0 = Debug|Any CPU
		{AA76AFBF-2D7A-4880-B463-DF34C86702A8}.Release|Any CPU.ActiveCfg = Release|Any CPU
		{AA76AFBF-2D7A-4880-B463-DF34C86702A8}.Release|Any CPU.Build.0 = Release|Any CPU
	EndGlobalSection
	GlobalSection(NestedProjects) = preSolution
		{AA76AFBF-2D7A-4880-B463-DF34C86702A8} = {A1C5825C-2228-4DA6-BD4F-3C70C6E1BEC8}
	EndGlobalSection
EndGlobal
